// !$*UTF8*$!
{
	archiveVersion = 1;
	classes = {
	};
	objectVersion = 46;
	objects = {

/* Begin PBXBuildFile section */
		01032937161494010013ACB1 /* QuartzCore.framework in Frameworks */ = {isa = PBXBuildFile; fileRef = 01032934161493F90013ACB1 /* QuartzCore.framework */; };
		0103293A1614A51A0013ACB1 /* CWPhotoViewerGalleryPhotoListingFooterView.m in Sources */ = {isa = PBXBuildFile; fileRef = 010329391614A51A0013ACB1 /* CWPhotoViewerGalleryPhotoListingFooterView.m */; };
		0144457D15AB608F00524DCF /* CWPhotoViewerGridFlowLayout.m in Sources */ = {isa = PBXBuildFile; fileRef = 0144457C15AB608F00524DCF /* CWPhotoViewerGridFlowLayout.m */; };
		0145DB8915AB41140059AC13 /* CWPhotoViewerGalleryImagesViewController.m in Sources */ = {isa = PBXBuildFile; fileRef = 0145DB8815AB41140059AC13 /* CWPhotoViewerGalleryImagesViewController.m */; };
		014E368215ABB315002E6FC4 /* CWPhotoViewerPhotoViewController.m in Sources */ = {isa = PBXBuildFile; fileRef = 014E368115ABB315002E6FC4 /* CWPhotoViewerPhotoViewController.m */; };
		01841E1016FAAC05001C42C4 /* CWPhotoViewerGalleryListingCell.m in Sources */ = {isa = PBXBuildFile; fileRef = 01841E0F16FAAC05001C42C4 /* CWPhotoViewerGalleryListingCell.m */; };
		018A12D0173C89B50014ACF9 /* CWPhotoViewerGridCell.m in Sources */ = {isa = PBXBuildFile; fileRef = 018A12CF173C89B50014ACF9 /* CWPhotoViewerGridCell.m */; };
		018A12D5173C8AB20014ACF9 /* CWPhotoGalleryFlowLayout.m in Sources */ = {isa = PBXBuildFile; fileRef = 018A12D4173C8AB20014ACF9 /* CWPhotoGalleryFlowLayout.m */; };
		018A12D8173C8CE20014ACF9 /* CWPhotoGalleryCell.m in Sources */ = {isa = PBXBuildFile; fileRef = 018A12D7173C8CE20014ACF9 /* CWPhotoGalleryCell.m */; };
		0190278915A4AE0800F2B6BA /* UIKit.framework in Frameworks */ = {isa = PBXBuildFile; fileRef = 0190278815A4AE0800F2B6BA /* UIKit.framework */; };
		0190278B15A4AE0800F2B6BA /* Foundation.framework in Frameworks */ = {isa = PBXBuildFile; fileRef = 0190278A15A4AE0800F2B6BA /* Foundation.framework */; };
		0190278D15A4AE0800F2B6BA /* CoreGraphics.framework in Frameworks */ = {isa = PBXBuildFile; fileRef = 0190278C15A4AE0800F2B6BA /* CoreGraphics.framework */; };
		0190279315A4AE0800F2B6BA /* InfoPlist.strings in Resources */ = {isa = PBXBuildFile; fileRef = 0190279115A4AE0800F2B6BA /* InfoPlist.strings */; };
		0190279515A4AE0800F2B6BA /* main.m in Sources */ = {isa = PBXBuildFile; fileRef = 0190279415A4AE0800F2B6BA /* main.m */; };
		0190279915A4AE0800F2B6BA /* CWPhotoViewerDelegate.m in Sources */ = {isa = PBXBuildFile; fileRef = 0190279815A4AE0800F2B6BA /* CWPhotoViewerDelegate.m */; };
		0190279C15A4AE0800F2B6BA /* CWPhotoViewerMasterViewController.m in Sources */ = {isa = PBXBuildFile; fileRef = 0190279B15A4AE0800F2B6BA /* CWPhotoViewerMasterViewController.m */; };
		019027A215A4AE0800F2B6BA /* CWPhotoViewerMasterViewController_iPhone.xib in Resources */ = {isa = PBXBuildFile; fileRef = 019027A015A4AE0800F2B6BA /* CWPhotoViewerMasterViewController_iPhone.xib */; };
		019027A815A4AE0800F2B6BA /* CWDetailViewController_iPhone.xib in Resources */ = {isa = PBXBuildFile; fileRef = 019027A615A4AE0800F2B6BA /* CWDetailViewController_iPhone.xib */; };
		019027B215A4B21500F2B6BA /* AssetsLibrary.framework in Frameworks */ = {isa = PBXBuildFile; fileRef = 019027B115A4B21500F2B6BA /* AssetsLibrary.framework */; };
/* End PBXBuildFile section */

/* Begin PBXFileReference section */
		01032934161493F90013ACB1 /* QuartzCore.framework */ = {isa = PBXFileReference; lastKnownFileType = wrapper.framework; name = QuartzCore.framework; path = System/Library/Frameworks/QuartzCore.framework; sourceTree = SDKROOT; };
		010329381614A51A0013ACB1 /* CWPhotoViewerGalleryPhotoListingFooterView.h */ = {isa = PBXFileReference; fileEncoding = 4; lastKnownFileType = sourcecode.c.h; path = CWPhotoViewerGalleryPhotoListingFooterView.h; sourceTree = "<group>"; };
		010329391614A51A0013ACB1 /* CWPhotoViewerGalleryPhotoListingFooterView.m */ = {isa = PBXFileReference; fileEncoding = 4; lastKnownFileType = sourcecode.c.objc; path = CWPhotoViewerGalleryPhotoListingFooterView.m; sourceTree = "<group>"; };
		0144457415AB5EBD00524DCF /* CWPhotoViewerGridCell.h */ = {isa = PBXFileReference; fileEncoding = 4; lastKnownFileType = sourcecode.c.h; path = CWPhotoViewerGridCell.h; sourceTree = "<group>"; };
		0144457B15AB608F00524DCF /* CWPhotoViewerGridFlowLayout.h */ = {isa = PBXFileReference; fileEncoding = 4; lastKnownFileType = sourcecode.c.h; path = CWPhotoViewerGridFlowLayout.h; sourceTree = "<group>"; };
		0144457C15AB608F00524DCF /* CWPhotoViewerGridFlowLayout.m */ = {isa = PBXFileReference; fileEncoding = 4; lastKnownFileType = sourcecode.c.objc; path = CWPhotoViewerGridFlowLayout.m; sourceTree = "<group>"; };
		0145DB8715AB41140059AC13 /* CWPhotoViewerGalleryImagesViewController.h */ = {isa = PBXFileReference; fileEncoding = 4; lastKnownFileType = sourcecode.c.h; path = CWPhotoViewerGalleryImagesViewController.h; sourceTree = "<group>"; };
		0145DB8815AB41140059AC13 /* CWPhotoViewerGalleryImagesViewController.m */ = {isa = PBXFileReference; fileEncoding = 4; lastKnownFileType = sourcecode.c.objc; path = CWPhotoViewerGalleryImagesViewController.m; sourceTree = "<group>"; };
		014E368015ABB315002E6FC4 /* CWPhotoViewerPhotoViewController.h */ = {isa = PBXFileReference; fileEncoding = 4; lastKnownFileType = sourcecode.c.h; path = CWPhotoViewerPhotoViewController.h; sourceTree = "<group>"; };
		014E368115ABB315002E6FC4 /* CWPhotoViewerPhotoViewController.m */ = {isa = PBXFileReference; fileEncoding = 4; lastKnownFileType = sourcecode.c.objc; path = CWPhotoViewerPhotoViewController.m; sourceTree = "<group>"; };
		01841E0E16FAAC05001C42C4 /* CWPhotoViewerGalleryListingCell.h */ = {isa = PBXFileReference; fileEncoding = 4; lastKnownFileType = sourcecode.c.h; path = CWPhotoViewerGalleryListingCell.h; sourceTree = "<group>"; };
		01841E0F16FAAC05001C42C4 /* CWPhotoViewerGalleryListingCell.m */ = {isa = PBXFileReference; fileEncoding = 4; lastKnownFileType = sourcecode.c.objc; path = CWPhotoViewerGalleryListingCell.m; sourceTree = "<group>"; };
		018A12CF173C89B50014ACF9 /* CWPhotoViewerGridCell.m */ = {isa = PBXFileReference; fileEncoding = 4; lastKnownFileType = sourcecode.c.objc; path = CWPhotoViewerGridCell.m; sourceTree = "<group>"; };
		018A12D3173C8AB20014ACF9 /* CWPhotoGalleryFlowLayout.h */ = {isa = PBXFileReference; fileEncoding = 4; lastKnownFileType = sourcecode.c.h; path = CWPhotoGalleryFlowLayout.h; sourceTree = "<group>"; };
		018A12D4173C8AB20014ACF9 /* CWPhotoGalleryFlowLayout.m */ = {isa = PBXFileReference; fileEncoding = 4; lastKnownFileType = sourcecode.c.objc; path = CWPhotoGalleryFlowLayout.m; sourceTree = "<group>"; };
		018A12D6173C8CE20014ACF9 /* CWPhotoGalleryCell.h */ = {isa = PBXFileReference; fileEncoding = 4; lastKnownFileType = sourcecode.c.h; path = CWPhotoGalleryCell.h; sourceTree = "<group>"; };
		018A12D7173C8CE20014ACF9 /* CWPhotoGalleryCell.m */ = {isa = PBXFileReference; fileEncoding = 4; lastKnownFileType = sourcecode.c.objc; path = CWPhotoGalleryCell.m; sourceTree = "<group>"; };
		0190278415A4AE0800F2B6BA /* CWPhotoViewer.app */ = {isa = PBXFileReference; explicitFileType = wrapper.application; includeInIndex = 0; path = CWPhotoViewer.app; sourceTree = BUILT_PRODUCTS_DIR; };
		0190278815A4AE0800F2B6BA /* UIKit.framework */ = {isa = PBXFileReference; lastKnownFileType = wrapper.framework; name = UIKit.framework; path = System/Library/Frameworks/UIKit.framework; sourceTree = SDKROOT; };
		0190278A15A4AE0800F2B6BA /* Foundation.framework */ = {isa = PBXFileReference; lastKnownFileType = wrapper.framework; name = Foundation.framework; path = System/Library/Frameworks/Foundation.framework; sourceTree = SDKROOT; };
		0190278C15A4AE0800F2B6BA /* CoreGraphics.framework */ = {isa = PBXFileReference; lastKnownFileType = wrapper.framework; name = CoreGraphics.framework; path = System/Library/Frameworks/CoreGraphics.framework; sourceTree = SDKROOT; };
		0190279015A4AE0800F2B6BA /* CWPhotoViewer-Info.plist */ = {isa = PBXFileReference; lastKnownFileType = text.plist.xml; path = "CWPhotoViewer-Info.plist"; sourceTree = "<group>"; };
		0190279215A4AE0800F2B6BA /* en */ = {isa = PBXFileReference; lastKnownFileType = text.plist.strings; name = en; path = en.lproj/InfoPlist.strings; sourceTree = "<group>"; };
		0190279415A4AE0800F2B6BA /* main.m */ = {isa = PBXFileReference; lastKnownFileType = sourcecode.c.objc; path = main.m; sourceTree = "<group>"; };
		0190279615A4AE0800F2B6BA /* CWPhotoViewer-Prefix.pch */ = {isa = PBXFileReference; lastKnownFileType = sourcecode.c.h; path = "CWPhotoViewer-Prefix.pch"; sourceTree = "<group>"; };
		0190279715A4AE0800F2B6BA /* CWPhotoViewerDelegate.h */ = {isa = PBXFileReference; lastKnownFileType = sourcecode.c.h; path = CWPhotoViewerDelegate.h; sourceTree = "<group>"; };
		0190279815A4AE0800F2B6BA /* CWPhotoViewerDelegate.m */ = {isa = PBXFileReference; lastKnownFileType = sourcecode.c.objc; path = CWPhotoViewerDelegate.m; sourceTree = "<group>"; };
		0190279A15A4AE0800F2B6BA /* CWPhotoViewerMasterViewController.h */ = {isa = PBXFileReference; lastKnownFileType = sourcecode.c.h; path = CWPhotoViewerMasterViewController.h; sourceTree = "<group>"; };
		0190279B15A4AE0800F2B6BA /* CWPhotoViewerMasterViewController.m */ = {isa = PBXFileReference; lastKnownFileType = sourcecode.c.objc; path = CWPhotoViewerMasterViewController.m; sourceTree = "<group>"; };
		019027A115A4AE0800F2B6BA /* en */ = {isa = PBXFileReference; lastKnownFileType = file.xib; name = en; path = en.lproj/CWPhotoViewerMasterViewController_iPhone.xib; sourceTree = "<group>"; };
		019027A715A4AE0800F2B6BA /* en */ = {isa = PBXFileReference; lastKnownFileType = file.xib; name = en; path = en.lproj/CWDetailViewController_iPhone.xib; sourceTree = "<group>"; };
		019027B115A4B21500F2B6BA /* AssetsLibrary.framework */ = {isa = PBXFileReference; lastKnownFileType = wrapper.framework; name = AssetsLibrary.framework; path = System/Library/Frameworks/AssetsLibrary.framework; sourceTree = SDKROOT; };
/* End PBXFileReference section */

/* Begin PBXFrameworksBuildPhase section */
		0190278115A4AE0800F2B6BA /* Frameworks */ = {
			isa = PBXFrameworksBuildPhase;
			buildActionMask = 2147483647;
			files = (
				01032937161494010013ACB1 /* QuartzCore.framework in Frameworks */,
				019027B215A4B21500F2B6BA /* AssetsLibrary.framework in Frameworks */,
				0190278915A4AE0800F2B6BA /* UIKit.framework in Frameworks */,
				0190278B15A4AE0800F2B6BA /* Foundation.framework in Frameworks */,
				0190278D15A4AE0800F2B6BA /* CoreGraphics.framework in Frameworks */,
			);
			runOnlyForDeploymentPostprocessing = 0;
		};
/* End PBXFrameworksBuildPhase section */

/* Begin PBXGroup section */
		0144458615AB6A6300524DCF /* XIBs */ = {
			isa = PBXGroup;
			children = (
				019027A015A4AE0800F2B6BA /* CWPhotoViewerMasterViewController_iPhone.xib */,
				019027A615A4AE0800F2B6BA /* CWDetailViewController_iPhone.xib */,
			);
			name = XIBs;
			sourceTree = "<group>";
		};
		0144458715AB6A7C00524DCF /* Views */ = {
			isa = PBXGroup;
			children = (
				018A12D2173C8A8F0014ACF9 /* Gallery */,
				01841E0E16FAAC05001C42C4 /* CWPhotoViewerGalleryListingCell.h */,
				01841E0F16FAAC05001C42C4 /* CWPhotoViewerGalleryListingCell.m */,
				010329381614A51A0013ACB1 /* CWPhotoViewerGalleryPhotoListingFooterView.h */,
				010329391614A51A0013ACB1 /* CWPhotoViewerGalleryPhotoListingFooterView.m */,
				018A12D1173C8A790014ACF9 /* PhotoThumbnails */,
			);
			name = Views;
			sourceTree = "<group>";
		};
		0145DB8B15AB411A0059AC13 /* UI */ = {
			isa = PBXGroup;
			children = (
				0144458615AB6A6300524DCF /* XIBs */,
			);
			name = UI;
			sourceTree = "<group>";
		};
		018A12D1173C8A790014ACF9 /* PhotoThumbnails */ = {
			isa = PBXGroup;
			children = (
				0144457415AB5EBD00524DCF /* CWPhotoViewerGridCell.h */,
				018A12CF173C89B50014ACF9 /* CWPhotoViewerGridCell.m */,
				0144457B15AB608F00524DCF /* CWPhotoViewerGridFlowLayout.h */,
				0144457C15AB608F00524DCF /* CWPhotoViewerGridFlowLayout.m */,
			);
			name = PhotoThumbnails;
			sourceTree = "<group>";
		};
		018A12D2173C8A8F0014ACF9 /* Gallery */ = {
			isa = PBXGroup;
			children = (
				018A12D6173C8CE20014ACF9 /* CWPhotoGalleryCell.h */,
				018A12D7173C8CE20014ACF9 /* CWPhotoGalleryCell.m */,
				018A12D3173C8AB20014ACF9 /* CWPhotoGalleryFlowLayout.h */,
				018A12D4173C8AB20014ACF9 /* CWPhotoGalleryFlowLayout.m */,
			);
			name = Gallery;
			sourceTree = "<group>";
		};
		0190277915A4AE0800F2B6BA = {
			isa = PBXGroup;
			children = (
				0190278E15A4AE0800F2B6BA /* CWPhotoViewer */,
				0190278715A4AE0800F2B6BA /* Frameworks */,
				0190278515A4AE0800F2B6BA /* Products */,
			);
			sourceTree = "<group>";
		};
		0190278515A4AE0800F2B6BA /* Products */ = {
			isa = PBXGroup;
			children = (
				0190278415A4AE0800F2B6BA /* CWPhotoViewer.app */,
			);
			name = Products;
			sourceTree = "<group>";
		};
		0190278715A4AE0800F2B6BA /* Frameworks */ = {
			isa = PBXGroup;
			children = (
				01032934161493F90013ACB1 /* QuartzCore.framework */,
				019027B115A4B21500F2B6BA /* AssetsLibrary.framework */,
				0190278815A4AE0800F2B6BA /* UIKit.framework */,
				0190278A15A4AE0800F2B6BA /* Foundation.framework */,
				0190278C15A4AE0800F2B6BA /* CoreGraphics.framework */,
			);
			name = Frameworks;
			sourceTree = "<group>";
		};
		0190278E15A4AE0800F2B6BA /* CWPhotoViewer */ = {
			isa = PBXGroup;
			children = (
				0190279715A4AE0800F2B6BA /* CWPhotoViewerDelegate.h */,
				0190279815A4AE0800F2B6BA /* CWPhotoViewerDelegate.m */,
				0145DB8715AB41140059AC13 /* CWPhotoViewerGalleryImagesViewController.h */,
				0145DB8815AB41140059AC13 /* CWPhotoViewerGalleryImagesViewController.m */,
				0190279A15A4AE0800F2B6BA /* CWPhotoViewerMasterViewController.h */,
				0190279B15A4AE0800F2B6BA /* CWPhotoViewerMasterViewController.m */,
				014E368015ABB315002E6FC4 /* CWPhotoViewerPhotoViewController.h */,
				014E368115ABB315002E6FC4 /* CWPhotoViewerPhotoViewController.m */,
				0190278F15A4AE0800F2B6BA /* Supporting Files */,
				0145DB8B15AB411A0059AC13 /* UI */,
				0144458715AB6A7C00524DCF /* Views */,
			);
			path = CWPhotoViewer;
			sourceTree = "<group>";
		};
		0190278F15A4AE0800F2B6BA /* Supporting Files */ = {
			isa = PBXGroup;
			children = (
				0190279015A4AE0800F2B6BA /* CWPhotoViewer-Info.plist */,
				0190279115A4AE0800F2B6BA /* InfoPlist.strings */,
				0190279415A4AE0800F2B6BA /* main.m */,
				0190279615A4AE0800F2B6BA /* CWPhotoViewer-Prefix.pch */,
			);
			name = "Supporting Files";
			sourceTree = "<group>";
		};
/* End PBXGroup section */

/* Begin PBXNativeTarget section */
		0190278315A4AE0800F2B6BA /* CWPhotoViewer */ = {
			isa = PBXNativeTarget;
			buildConfigurationList = 019027AE15A4AE0800F2B6BA /* Build configuration list for PBXNativeTarget "CWPhotoViewer" */;
			buildPhases = (
				0190278015A4AE0800F2B6BA /* Sources */,
				0190278115A4AE0800F2B6BA /* Frameworks */,
				0190278215A4AE0800F2B6BA /* Resources */,
			);
			buildRules = (
			);
			dependencies = (
			);
			name = CWPhotoViewer;
			productName = CWPhotoViewer;
			productReference = 0190278415A4AE0800F2B6BA /* CWPhotoViewer.app */;
			productType = "com.apple.product-type.application";
		};
/* End PBXNativeTarget section */

/* Begin PBXProject section */
		0190277B15A4AE0800F2B6BA /* Project object */ = {
			isa = PBXProject;
			attributes = {
				CLASSPREFIX = CW;
				LastUpgradeCheck = 0450;
				ORGANIZATIONNAME = "Cory D. Wiles";
			};
			buildConfigurationList = 0190277E15A4AE0800F2B6BA /* Build configuration list for PBXProject "CWPhotoViewer" */;
			compatibilityVersion = "Xcode 3.2";
			developmentRegion = English;
			hasScannedForEncodings = 0;
			knownRegions = (
				en,
			);
			mainGroup = 0190277915A4AE0800F2B6BA;
			productRefGroup = 0190278515A4AE0800F2B6BA /* Products */;
			projectDirPath = "";
			projectRoot = "";
			targets = (
				0190278315A4AE0800F2B6BA /* CWPhotoViewer */,
			);
		};
/* End PBXProject section */

/* Begin PBXResourcesBuildPhase section */
		0190278215A4AE0800F2B6BA /* Resources */ = {
			isa = PBXResourcesBuildPhase;
			buildActionMask = 2147483647;
			files = (
				0190279315A4AE0800F2B6BA /* InfoPlist.strings in Resources */,
				019027A215A4AE0800F2B6BA /* CWPhotoViewerMasterViewController_iPhone.xib in Resources */,
				019027A815A4AE0800F2B6BA /* CWDetailViewController_iPhone.xib in Resources */,
			);
			runOnlyForDeploymentPostprocessing = 0;
		};
/* End PBXResourcesBuildPhase section */

/* Begin PBXSourcesBuildPhase section */
		0190278015A4AE0800F2B6BA /* Sources */ = {
			isa = PBXSourcesBuildPhase;
			buildActionMask = 2147483647;
			files = (
				0190279515A4AE0800F2B6BA /* main.m in Sources */,
				0190279915A4AE0800F2B6BA /* CWPhotoViewerDelegate.m in Sources */,
				0190279C15A4AE0800F2B6BA /* CWPhotoViewerMasterViewController.m in Sources */,
				0145DB8915AB41140059AC13 /* CWPhotoViewerGalleryImagesViewController.m in Sources */,
				0144457D15AB608F00524DCF /* CWPhotoViewerGridFlowLayout.m in Sources */,
				014E368215ABB315002E6FC4 /* CWPhotoViewerPhotoViewController.m in Sources */,
				0103293A1614A51A0013ACB1 /* CWPhotoViewerGalleryPhotoListingFooterView.m in Sources */,
				01841E1016FAAC05001C42C4 /* CWPhotoViewerGalleryListingCell.m in Sources */,
				018A12D0173C89B50014ACF9 /* CWPhotoViewerGridCell.m in Sources */,
				018A12D5173C8AB20014ACF9 /* CWPhotoGalleryFlowLayout.m in Sources */,
				018A12D8173C8CE20014ACF9 /* CWPhotoGalleryCell.m in Sources */,
			);
			runOnlyForDeploymentPostprocessing = 0;
		};
/* End PBXSourcesBuildPhase section */

/* Begin PBXVariantGroup section */
		0190279115A4AE0800F2B6BA /* InfoPlist.strings */ = {
			isa = PBXVariantGroup;
			children = (
				0190279215A4AE0800F2B6BA /* en */,
			);
			name = InfoPlist.strings;
			sourceTree = "<group>";
		};
		019027A015A4AE0800F2B6BA /* CWPhotoViewerMasterViewController_iPhone.xib */ = {
			isa = PBXVariantGroup;
			children = (
				019027A115A4AE0800F2B6BA /* en */,
			);
			name = CWPhotoViewerMasterViewController_iPhone.xib;
			sourceTree = "<group>";
		};
		019027A615A4AE0800F2B6BA /* CWDetailViewController_iPhone.xib */ = {
			isa = PBXVariantGroup;
			children = (
				019027A715A4AE0800F2B6BA /* en */,
			);
			name = CWDetailViewController_iPhone.xib;
			sourceTree = "<group>";
		};
/* End PBXVariantGroup section */

/* Begin XCBuildConfiguration section */
		019027AC15A4AE0800F2B6BA /* Debug */ = {
			isa = XCBuildConfiguration;
			buildSettings = {
				ALWAYS_SEARCH_USER_PATHS = NO;
				CLANG_CXX_LANGUAGE_STANDARD = "gnu++0x";
				CLANG_ENABLE_OBJC_ARC = YES;
				CLANG_WARN__DUPLICATE_METHOD_MATCH = YES;
				CODE_SIGN_IDENTITY = "iPhone Developer: Cory Wiles (98422P78Z5)";
				"CODE_SIGN_IDENTITY[sdk=iphoneos*]" = "iPhone Developer";
				COPY_PHASE_STRIP = NO;
				GCC_C_LANGUAGE_STANDARD = gnu99;
				GCC_DYNAMIC_NO_PIC = NO;
				GCC_OPTIMIZATION_LEVEL = 0;
				GCC_PREPROCESSOR_DEFINITIONS = (
					"DEBUG=1",
					"$(inherited)",
				);
				GCC_SYMBOLS_PRIVATE_EXTERN = NO;
				GCC_WARN_ABOUT_RETURN_TYPE = YES;
				GCC_WARN_UNINITIALIZED_AUTOS = YES;
				GCC_WARN_UNUSED_VARIABLE = YES;
				IPHONEOS_DEPLOYMENT_TARGET = 6.0;
				PROVISIONING_PROFILE = "340668FA-5A14-4FE3-AF65-C663EF9AAA8B";
				SDKROOT = iphoneos;
				TARGETED_DEVICE_FAMILY = "1,2";
			};
			name = Debug;
		};
		019027AD15A4AE0800F2B6BA /* Release */ = {
			isa = XCBuildConfiguration;
			buildSettings = {
				ALWAYS_SEARCH_USER_PATHS = NO;
				CLANG_CXX_LANGUAGE_STANDARD = "gnu++0x";
				CLANG_ENABLE_OBJC_ARC = YES;
				CLANG_WARN__DUPLICATE_METHOD_MATCH = YES;
				"CODE_SIGN_IDENTITY[sdk=iphoneos*]" = "iPhone Developer";
				COPY_PHASE_STRIP = YES;
				GCC_C_LANGUAGE_STANDARD = gnu99;
				GCC_WARN_ABOUT_RETURN_TYPE = YES;
				GCC_WARN_UNINITIALIZED_AUTOS = YES;
				GCC_WARN_UNUSED_VARIABLE = YES;
				IPHONEOS_DEPLOYMENT_TARGET = 6.0;
				OTHER_CFLAGS = "-DNS_BLOCK_ASSERTIONS=1";
				SDKROOT = iphoneos;
				TARGETED_DEVICE_FAMILY = "1,2";
				VALIDATE_PRODUCT = YES;
			};
			name = Release;
		};
		019027AF15A4AE0800F2B6BA /* Debug */ = {
			isa = XCBuildConfiguration;
			buildSettings = {
				GCC_PRECOMPILE_PREFIX_HEADER = YES;
				GCC_PREFIX_HEADER = "CWPhotoViewer/CWPhotoViewer-Prefix.pch";
				INFOPLIST_FILE = "CWPhotoViewer/CWPhotoViewer-Info.plist";
				PRODUCT_NAME = "$(TARGET_NAME)";
				WRAPPER_EXTENSION = app;
			};
			name = Debug;
		};
		019027B015A4AE0800F2B6BA /* Release */ = {
			isa = XCBuildConfiguration;
			buildSettings = {
				GCC_PRECOMPILE_PREFIX_HEADER = YES;
				GCC_PREFIX_HEADER = "CWPhotoViewer/CWPhotoViewer-Prefix.pch";
				INFOPLIST_FILE = "CWPhotoViewer/CWPhotoViewer-Info.plist";
				PRODUCT_NAME = "$(TARGET_NAME)";
				WRAPPER_EXTENSION = app;
			};
			name = Release;
		};
/* End XCBuildConfiguration section */

/* Begin XCConfigurationList section */
		0190277E15A4AE0800F2B6BA /* Build configuration list for PBXProject "CWPhotoViewer" */ = {
			isa = XCConfigurationList;
			buildConfigurations = (
				019027AC15A4AE0800F2B6BA /* Debug */,
				019027AD15A4AE0800F2B6BA /* Release */,
			);
			defaultConfigurationIsVisible = 0;
			defaultConfigurationName = Release;
		};
		019027AE15A4AE0800F2B6BA /* Build configuration list for PBXNativeTarget "CWPhotoViewer" */ = {
			isa = XCConfigurationList;
			buildConfigurations = (
				019027AF15A4AE0800F2B6BA /* Debug */,
				019027B015A4AE0800F2B6BA /* Release */,
			);
			defaultConfigurationIsVisible = 0;
			defaultConfigurationName = Release;
		};
/* End XCConfigurationList section */
	};
	rootObject = 0190277B15A4AE0800F2B6BA /* Project object */;
}
